<<<<<<< HEAD
﻿
Microsoft Visual Studio Solution File, Format Version 12.00
# Visual Studio Version 17
VisualStudioVersion = 17.3.32929.385
MinimumVisualStudioVersion = 10.0.40219.1
Project("{FAE04EC0-301F-11D3-BF4B-00C04F79EFBC}") = "Laborator3-XML", "Laborator3-XML\Laborator3-XML.csproj", "{32712017-9AA2-4A3E-9E48-480811F005D3}"
EndProject
Global
	GlobalSection(SolutionConfigurationPlatforms) = preSolution
		Debug|Any CPU = Debug|Any CPU
		Release|Any CPU = Release|Any CPU
	EndGlobalSection
	GlobalSection(ProjectConfigurationPlatforms) = postSolution
		{32712017-9AA2-4A3E-9E48-480811F005D3}.Debug|Any CPU.ActiveCfg = Debug|Any CPU
		{32712017-9AA2-4A3E-9E48-480811F005D3}.Debug|Any CPU.Build.0 = Debug|Any CPU
		{32712017-9AA2-4A3E-9E48-480811F005D3}.Release|Any CPU.ActiveCfg = Release|Any CPU
		{32712017-9AA2-4A3E-9E48-480811F005D3}.Release|Any CPU.Build.0 = Release|Any CPU
	EndGlobalSection
	GlobalSection(SolutionProperties) = preSolution
		HideSolutionNode = FALSE
	EndGlobalSection
	GlobalSection(ExtensibilityGlobals) = postSolution
		SolutionGuid = {D467A2DB-84EC-4923-B365-4A9FB40CFAD2}
	EndGlobalSection
EndGlobal
=======
﻿
Microsoft Visual Studio Solution File, Format Version 12.00
# Visual Studio Version 17
VisualStudioVersion = 17.3.32929.385
MinimumVisualStudioVersion = 10.0.40219.1
Project("{FAE04EC0-301F-11D3-BF4B-00C04F79EFBC}") = "Laborator3-XML", "Laborator3-XML\Laborator3-XML.csproj", "{32712017-9AA2-4A3E-9E48-480811F005D3}"
EndProject
Global
	GlobalSection(SolutionConfigurationPlatforms) = preSolution
		Debug|Any CPU = Debug|Any CPU
		Release|Any CPU = Release|Any CPU
	EndGlobalSection
	GlobalSection(ProjectConfigurationPlatforms) = postSolution
		{32712017-9AA2-4A3E-9E48-480811F005D3}.Debug|Any CPU.ActiveCfg = Debug|Any CPU
		{32712017-9AA2-4A3E-9E48-480811F005D3}.Debug|Any CPU.Build.0 = Debug|Any CPU
		{32712017-9AA2-4A3E-9E48-480811F005D3}.Release|Any CPU.ActiveCfg = Release|Any CPU
		{32712017-9AA2-4A3E-9E48-480811F005D3}.Release|Any CPU.Build.0 = Release|Any CPU
	EndGlobalSection
	GlobalSection(SolutionProperties) = preSolution
		HideSolutionNode = FALSE
	EndGlobalSection
	GlobalSection(ExtensibilityGlobals) = postSolution
		SolutionGuid = {D467A2DB-84EC-4923-B365-4A9FB40CFAD2}
	EndGlobalSection
EndGlobal
>>>>>>> ebe0081d6271960c903bf985aa7f778a79e05a8a
