
Microsoft Visual Studio Solution File, Format Version 12.00
# Visual Studio Version 17
VisualStudioVersion = 17.3.32929.385
MinimumVisualStudioVersion = 10.0.40219.1
Project("{FAE04EC0-301F-11D3-BF4B-00C04F79EFBC}") = "XML_EX_CitBD", "XML_EX_CitBD\XML_EX_CitBD.csproj", "{7E90124E-57EE-4041-AD19-57D89080DE76}"
EndProject
Global
	GlobalSection(SolutionConfigurationPlatforms) = preSolution
		Debug|Any CPU = Debug|Any CPU
		Release|Any CPU = Release|Any CPU
	EndGlobalSection
	GlobalSection(ProjectConfigurationPlatforms) = postSolution
		{7E90124E-57EE-4041-AD19-57D89080DE76}.Debug|Any CPU.ActiveCfg = Debug|Any CPU
		{7E90124E-57EE-4041-AD19-57D89080DE76}.Debug|Any CPU.Build.0 = Debug|Any CPU
		{7E90124E-57EE-4041-AD19-57D89080DE76}.Release|Any CPU.ActiveCfg = Release|Any CPU
		{7E90124E-57EE-4041-AD19-57D89080DE76}.Release|Any CPU.Build.0 = Release|Any CPU
	EndGlobalSection
	GlobalSection(SolutionProperties) = preSolution
		HideSolutionNode = FALSE
	EndGlobalSection
	GlobalSection(ExtensibilityGlobals) = postSolution
		SolutionGuid = {64840AE7-1691-448A-A631-91BB76A5B2AE}
	EndGlobalSection
EndGlobal
