
Microsoft Visual Studio Solution File, Format Version 12.00
# Visual Studio Version 17
VisualStudioVersion = 17.3.32929.385
MinimumVisualStudioVersion = 10.0.40219.1
Project("{FAE04EC0-301F-11D3-BF4B-00C04F79EFBC}") = "Laboratorul3_problema2", "Laboratorul3_problema2\Laboratorul3_problema2.csproj", "{A9E5B05E-9F3A-4A20-8884-AFB3EE3EC7F7}"
EndProject
Global
	GlobalSection(SolutionConfigurationPlatforms) = preSolution
		Debug|Any CPU = Debug|Any CPU
		Release|Any CPU = Release|Any CPU
	EndGlobalSection
	GlobalSection(ProjectConfigurationPlatforms) = postSolution
		{A9E5B05E-9F3A-4A20-8884-AFB3EE3EC7F7}.Debug|Any CPU.ActiveCfg = Debug|Any CPU
		{A9E5B05E-9F3A-4A20-8884-AFB3EE3EC7F7}.Debug|Any CPU.Build.0 = Debug|Any CPU
		{A9E5B05E-9F3A-4A20-8884-AFB3EE3EC7F7}.Release|Any CPU.ActiveCfg = Release|Any CPU
		{A9E5B05E-9F3A-4A20-8884-AFB3EE3EC7F7}.Release|Any CPU.Build.0 = Release|Any CPU
	EndGlobalSection
	GlobalSection(SolutionProperties) = preSolution
		HideSolutionNode = FALSE
	EndGlobalSection
	GlobalSection(ExtensibilityGlobals) = postSolution
		SolutionGuid = {E31F6A27-87FB-476C-B131-063B75D11DA4}
	EndGlobalSection
EndGlobal
